// !$*UTF8*$!
{
	archiveVersion = 1;
	classes = {
	};
	objectVersion = 48;
	objects = {

/* Begin PBXBuildFile section */
		727790DA204B97DF00E3F316 /* AppDelegate.swift in Sources */ = {isa = PBXBuildFile; fileRef = 727790D9204B97DF00E3F316 /* AppDelegate.swift */; };
		727790DC204B97DF00E3F316 /* ViewController.swift in Sources */ = {isa = PBXBuildFile; fileRef = 727790DB204B97DF00E3F316 /* ViewController.swift */; };
		727790DF204B97DF00E3F316 /* Main.storyboard in Resources */ = {isa = PBXBuildFile; fileRef = 727790DD204B97DF00E3F316 /* Main.storyboard */; };
		727790E2204B97DF00E3F316 /* ThirdMemo.xcdatamodeld in Sources */ = {isa = PBXBuildFile; fileRef = 727790E0204B97DF00E3F316 /* ThirdMemo.xcdatamodeld */; };
		727790E4204B97DF00E3F316 /* Assets.xcassets in Resources */ = {isa = PBXBuildFile; fileRef = 727790E3204B97DF00E3F316 /* Assets.xcassets */; };
		727790E7204B97DF00E3F316 /* LaunchScreen.storyboard in Resources */ = {isa = PBXBuildFile; fileRef = 727790E5204B97DF00E3F316 /* LaunchScreen.storyboard */; };
		727790EF204B99A400E3F316 /* ComposeViewController.swift in Sources */ = {isa = PBXBuildFile; fileRef = 727790EE204B99A400E3F316 /* ComposeViewController.swift */; };
		72F471EE204BA67D006D1DE0 /* MemoTableViewCell.swift in Sources */ = {isa = PBXBuildFile; fileRef = 72F471ED204BA67D006D1DE0 /* MemoTableViewCell.swift */; };
		72F471F0204BB0D5006D1DE0 /* DetailViewController.swift in Sources */ = {isa = PBXBuildFile; fileRef = 72F471EF204BB0D5006D1DE0 /* DetailViewController.swift */; };
/* End PBXBuildFile section */

/* Begin PBXFileReference section */
		727790D6204B97DF00E3F316 /* ThirdMemo.app */ = {isa = PBXFileReference; explicitFileType = wrapper.application; includeInIndex = 0; path = ThirdMemo.app; sourceTree = BUILT_PRODUCTS_DIR; };
		727790D9204B97DF00E3F316 /* AppDelegate.swift */ = {isa = PBXFileReference; lastKnownFileType = sourcecode.swift; path = AppDelegate.swift; sourceTree = "<group>"; };
		727790DB204B97DF00E3F316 /* ViewController.swift */ = {isa = PBXFileReference; lastKnownFileType = sourcecode.swift; path = ViewController.swift; sourceTree = "<group>"; };
		727790DE204B97DF00E3F316 /* Base */ = {isa = PBXFileReference; lastKnownFileType = file.storyboard; name = Base; path = Base.lproj/Main.storyboard; sourceTree = "<group>"; };
		727790E1204B97DF00E3F316 /* ThirdMemo.xcdatamodel */ = {isa = PBXFileReference; lastKnownFileType = wrapper.xcdatamodel; path = ThirdMemo.xcdatamodel; sourceTree = "<group>"; };
		727790E3204B97DF00E3F316 /* Assets.xcassets */ = {isa = PBXFileReference; lastKnownFileType = folder.assetcatalog; path = Assets.xcassets; sourceTree = "<group>"; };
		727790E6204B97DF00E3F316 /* Base */ = {isa = PBXFileReference; lastKnownFileType = file.storyboard; name = Base; path = Base.lproj/LaunchScreen.storyboard; sourceTree = "<group>"; };
		727790E8204B97DF00E3F316 /* Info.plist */ = {isa = PBXFileReference; lastKnownFileType = text.plist.xml; path = Info.plist; sourceTree = "<group>"; };
		727790EE204B99A400E3F316 /* ComposeViewController.swift */ = {isa = PBXFileReference; lastKnownFileType = sourcecode.swift; path = ComposeViewController.swift; sourceTree = "<group>"; };
		72F471ED204BA67D006D1DE0 /* MemoTableViewCell.swift */ = {isa = PBXFileReference; lastKnownFileType = sourcecode.swift; path = MemoTableViewCell.swift; sourceTree = "<group>"; };
		72F471EF204BB0D5006D1DE0 /* DetailViewController.swift */ = {isa = PBXFileReference; lastKnownFileType = sourcecode.swift; path = DetailViewController.swift; sourceTree = "<group>"; };
/* End PBXFileReference section */

/* Begin PBXFrameworksBuildPhase section */
		727790D3204B97DF00E3F316 /* Frameworks */ = {
			isa = PBXFrameworksBuildPhase;
			buildActionMask = 2147483647;
			files = (
			);
			runOnlyForDeploymentPostprocessing = 0;
		};
/* End PBXFrameworksBuildPhase section */

/* Begin PBXGroup section */
		727790CD204B97DF00E3F316 = {
			isa = PBXGroup;
			children = (
				727790D8204B97DF00E3F316 /* ThirdMemo */,
				727790D7204B97DF00E3F316 /* Products */,
			);
			sourceTree = "<group>";
		};
		727790D7204B97DF00E3F316 /* Products */ = {
			isa = PBXGroup;
			children = (
				727790D6204B97DF00E3F316 /* ThirdMemo.app */,
			);
			name = Products;
			sourceTree = "<group>";
		};
		727790D8204B97DF00E3F316 /* ThirdMemo */ = {
			isa = PBXGroup;
			children = (
				72F471EC204BA64E006D1DE0 /* cell */,
				727790D9204B97DF00E3F316 /* AppDelegate.swift */,
				727790DB204B97DF00E3F316 /* ViewController.swift */,
				727790EE204B99A400E3F316 /* ComposeViewController.swift */,
				72F471EF204BB0D5006D1DE0 /* DetailViewController.swift */,
				727790DD204B97DF00E3F316 /* Main.storyboard */,
				727790E3204B97DF00E3F316 /* Assets.xcassets */,
				727790E5204B97DF00E3F316 /* LaunchScreen.storyboard */,
				727790E8204B97DF00E3F316 /* Info.plist */,
				727790E0204B97DF00E3F316 /* ThirdMemo.xcdatamodeld */,
			);
			path = ThirdMemo;
			sourceTree = "<group>";
		};
		72F471EC204BA64E006D1DE0 /* cell */ = {
			isa = PBXGroup;
			children = (
				72F471ED204BA67D006D1DE0 /* MemoTableViewCell.swift */,
			);
			path = cell;
			sourceTree = "<group>";
		};
/* End PBXGroup section */

/* Begin PBXNativeTarget section */
		727790D5204B97DF00E3F316 /* ThirdMemo */ = {
			isa = PBXNativeTarget;
			buildConfigurationList = 727790EB204B97DF00E3F316 /* Build configuration list for PBXNativeTarget "ThirdMemo" */;
			buildPhases = (
				727790D2204B97DF00E3F316 /* Sources */,
				727790D3204B97DF00E3F316 /* Frameworks */,
				727790D4204B97DF00E3F316 /* Resources */,
			);
			buildRules = (
			);
			dependencies = (
			);
			name = ThirdMemo;
			productName = ThirdMemo;
			productReference = 727790D6204B97DF00E3F316 /* ThirdMemo.app */;
			productType = "com.apple.product-type.application";
		};
/* End PBXNativeTarget section */

/* Begin PBXProject section */
		727790CE204B97DF00E3F316 /* Project object */ = {
			isa = PBXProject;
			attributes = {
				LastSwiftUpdateCheck = 0920;
				LastUpgradeCheck = 0920;
				ORGANIZATIONNAME = "이수한";
				TargetAttributes = {
					727790D5204B97DF00E3F316 = {
						CreatedOnToolsVersion = 9.2;
						ProvisioningStyle = Automatic;
					};
				};
			};
			buildConfigurationList = 727790D1204B97DF00E3F316 /* Build configuration list for PBXProject "ThirdMemo" */;
			compatibilityVersion = "Xcode 8.0";
			developmentRegion = en;
			hasScannedForEncodings = 0;
			knownRegions = (
				en,
				Base,
			);
			mainGroup = 727790CD204B97DF00E3F316;
			productRefGroup = 727790D7204B97DF00E3F316 /* Products */;
			projectDirPath = "";
			projectRoot = "";
			targets = (
				727790D5204B97DF00E3F316 /* ThirdMemo */,
			);
		};
/* End PBXProject section */

/* Begin PBXResourcesBuildPhase section */
		727790D4204B97DF00E3F316 /* Resources */ = {
			isa = PBXResourcesBuildPhase;
			buildActionMask = 2147483647;
			files = (
				727790E7204B97DF00E3F316 /* LaunchScreen.storyboard in Resources */,
				727790E4204B97DF00E3F316 /* Assets.xcassets in Resources */,
				727790DF204B97DF00E3F316 /* Main.storyboard in Resources */,
			);
			runOnlyForDeploymentPostprocessing = 0;
		};
/* End PBXResourcesBuildPhase section */

/* Begin PBXSourcesBuildPhase section */
		727790D2204B97DF00E3F316 /* Sources */ = {
			isa = PBXSourcesBuildPhase;
			buildActionMask = 2147483647;
			files = (
				72F471EE204BA67D006D1DE0 /* MemoTableViewCell.swift in Sources */,
				727790DC204B97DF00E3F316 /* ViewController.swift in Sources */,
				727790E2204B97DF00E3F316 /* ThirdMemo.xcdatamodeld in Sources */,
				72F471F0204BB0D5006D1DE0 /* DetailViewController.swift in Sources */,
				727790DA204B97DF00E3F316 /* AppDelegate.swift in Sources */,
				727790EF204B99A400E3F316 /* ComposeViewController.swift in Sources */,
			);
			runOnlyForDeploymentPostprocessing = 0;
		};
/* End PBXSourcesBuildPhase section */

/* Begin PBXVariantGroup section */
		727790DD204B97DF00E3F316 /* Main.storyboard */ = {
			isa = PBXVariantGroup;
			children = (
				727790DE204B97DF00E3F316 /* Base */,
			);
			name = Main.storyboard;
			sourceTree = "<group>";
		};
		727790E5204B97DF00E3F316 /* LaunchScreen.storyboard */ = {
			isa = PBXVariantGroup;
			children = (
				727790E6204B97DF00E3F316 /* Base */,
			);
			name = LaunchScreen.storyboard;
			sourceTree = "<group>";
		};
/* End PBXVariantGroup section */

/* Begin XCBuildConfiguration section */
		727790E9204B97DF00E3F316 /* Debug */ = {
			isa = XCBuildConfiguration;
			buildSettings = {
				ALWAYS_SEARCH_USER_PATHS = NO;
				CLANG_ANALYZER_NONNULL = YES;
				CLANG_ANALYZER_NUMBER_OBJECT_CONVERSION = YES_AGGRESSIVE;
				CLANG_CXX_LANGUAGE_STANDARD = "gnu++14";
				CLANG_CXX_LIBRARY = "libc++";
				CLANG_ENABLE_MODULES = YES;
				CLANG_ENABLE_OBJC_ARC = YES;
				CLANG_WARN_BLOCK_CAPTURE_AUTORELEASING = YES;
				CLANG_WARN_BOOL_CONVERSION = YES;
				CLANG_WARN_COMMA = YES;
				CLANG_WARN_CONSTANT_CONVERSION = YES;
				CLANG_WARN_DIRECT_OBJC_ISA_USAGE = YES_ERROR;
				CLANG_WARN_DOCUMENTATION_COMMENTS = YES;
				CLANG_WARN_EMPTY_BODY = YES;
				CLANG_WARN_ENUM_CONVERSION = YES;
				CLANG_WARN_INFINITE_RECURSION = YES;
				CLANG_WARN_INT_CONVERSION = YES;
				CLANG_WARN_NON_LITERAL_NULL_CONVERSION = YES;
				CLANG_WARN_OBJC_LITERAL_CONVERSION = YES;
				CLANG_WARN_OBJC_ROOT_CLASS = YES_ERROR;
				CLANG_WARN_RANGE_LOOP_ANALYSIS = YES;
				CLANG_WARN_STRICT_PROTOTYPES = YES;
				CLANG_WARN_SUSPICIOUS_MOVE = YES;
				CLANG_WARN_UNGUARDED_AVAILABILITY = YES_AGGRESSIVE;
				CLANG_WARN_UNREACHABLE_CODE = YES;
				CLANG_WARN__DUPLICATE_METHOD_MATCH = YES;
				CODE_SIGN_IDENTITY = "iPhone Developer";
				COPY_PHASE_STRIP = NO;
				DEBUG_INFORMATION_FORMAT = dwarf;
				ENABLE_STRICT_OBJC_MSGSEND = YES;
				ENABLE_TESTABILITY = YES;
				GCC_C_LANGUAGE_STANDARD = gnu11;
				GCC_DYNAMIC_NO_PIC = NO;
				GCC_NO_COMMON_BLOCKS = YES;
				GCC_OPTIMIZATION_LEVEL = 0;
				GCC_PREPROCESSOR_DEFINITIONS = (
					"DEBUG=1",
					"$(inherited)",
				);
				GCC_WARN_64_TO_32_BIT_CONVERSION = YES;
				GCC_WARN_ABOUT_RETURN_TYPE = YES_ERROR;
				GCC_WARN_UNDECLARED_SELECTOR = YES;
				GCC_WARN_UNINITIALIZED_AUTOS = YES_AGGRESSIVE;
				GCC_WARN_UNUSED_FUNCTION = YES;
				GCC_WARN_UNUSED_VARIABLE = YES;
				IPHONEOS_DEPLOYMENT_TARGET = 11.2;
				MTL_ENABLE_DEBUG_INFO = YES;
				ONLY_ACTIVE_ARCH = YES;
				SDKROOT = iphoneos;
				SWIFT_ACTIVE_COMPILATION_CONDITIONS = DEBUG;
				SWIFT_OPTIMIZATION_LEVEL = "-Onone";
			};
			name = Debug;
		};
		727790EA204B97DF00E3F316 /* Release */ = {
			isa = XCBuildConfiguration;
			buildSettings = {
				ALWAYS_SEARCH_USER_PATHS = NO;
				CLANG_ANALYZER_NONNULL = YES;
				CLANG_ANALYZER_NUMBER_OBJECT_CONVERSION = YES_AGGRESSIVE;
				CLANG_CXX_LANGUAGE_STANDARD = "gnu++14";
				CLANG_CXX_LIBRARY = "libc++";
				CLANG_ENABLE_MODULES = YES;
				CLANG_ENABLE_OBJC_ARC = YES;
				CLANG_WARN_BLOCK_CAPTURE_AUTORELEASING = YES;
				CLANG_WARN_BOOL_CONVERSION = YES;
				CLANG_WARN_COMMA = YES;
				CLANG_WARN_CONSTANT_CONVERSION = YES;
				CLANG_WARN_DIRECT_OBJC_ISA_USAGE = YES_ERROR;
				CLANG_WARN_DOCUMENTATION_COMMENTS = YES;
				CLANG_WARN_EMPTY_BODY = YES;
				CLANG_WARN_ENUM_CONVERSION = YES;
				CLANG_WARN_INFINITE_RECURSION = YES;
				CLANG_WARN_INT_CONVERSION = YES;
				CLANG_WARN_NON_LITERAL_NULL_CONVERSION = YES;
				CLANG_WARN_OBJC_LITERAL_CONVERSION = YES;
				CLANG_WARN_OBJC_ROOT_CLASS = YES_ERROR;
				CLANG_WARN_RANGE_LOOP_ANALYSIS = YES;
				CLANG_WARN_STRICT_PROTOTYPES = YES;
				CLANG_WARN_SUSPICIOUS_MOVE = YES;
				CLANG_WARN_UNGUARDED_AVAILABILITY = YES_AGGRESSIVE;
				CLANG_WARN_UNREACHABLE_CODE = YES;
				CLANG_WARN__DUPLICATE_METHOD_MATCH = YES;
				CODE_SIGN_IDENTITY = "iPhone Developer";
				COPY_PHASE_STRIP = NO;
				DEBUG_INFORMATION_FORMAT = "dwarf-with-dsym";
				ENABLE_NS_ASSERTIONS = NO;
				ENABLE_STRICT_OBJC_MSGSEND = YES;
				GCC_C_LANGUAGE_STANDARD = gnu11;
				GCC_NO_COMMON_BLOCKS = YES;
				GCC_WARN_64_TO_32_BIT_CONVERSION = YES;
				GCC_WARN_ABOUT_RETURN_TYPE = YES_ERROR;
				GCC_WARN_UNDECLARED_SELECTOR = YES;
				GCC_WARN_UNINITIALIZED_AUTOS = YES_AGGRESSIVE;
				GCC_WARN_UNUSED_FUNCTION = YES;
				GCC_WARN_UNUSED_VARIABLE = YES;
				IPHONEOS_DEPLOYMENT_TARGET = 11.2;
				MTL_ENABLE_DEBUG_INFO = NO;
				SDKROOT = iphoneos;
				SWIFT_OPTIMIZATION_LEVEL = "-Owholemodule";
				VALIDATE_PRODUCT = YES;
			};
			name = Release;
		};
		727790EC204B97DF00E3F316 /* Debug */ = {
			isa = XCBuildConfiguration;
			buildSettings = {
				ASSETCATALOG_COMPILER_APPICON_NAME = AppIcon;
				CODE_SIGN_STYLE = Automatic;
				DEVELOPMENT_TEAM = 57MK6AU6EZ;
				INFOPLIST_FILE = ThirdMemo/Info.plist;
				LD_RUNPATH_SEARCH_PATHS = "$(inherited) @executable_path/Frameworks";
				PRODUCT_BUNDLE_IDENTIFIER = com.soohan.ThirdMemo;
				PRODUCT_NAME = "$(TARGET_NAME)";
				SWIFT_VERSION = 4.0;
				TARGETED_DEVICE_FAMILY = "1,2";
			};
			name = Debug;
		};
		727790ED204B97DF00E3F316 /* Release */ = {
			isa = XCBuildConfiguration;
			buildSettings = {
				ASSETCATALOG_COMPILER_APPICON_NAME = AppIcon;
				CODE_SIGN_STYLE = Automatic;
				DEVELOPMENT_TEAM = 57MK6AU6EZ;
				INFOPLIST_FILE = ThirdMemo/Info.plist;
				LD_RUNPATH_SEARCH_PATHS = "$(inherited) @executable_path/Frameworks";
				PRODUCT_BUNDLE_IDENTIFIER = com.soohan.ThirdMemo;
				PRODUCT_NAME = "$(TARGET_NAME)";
				SWIFT_VERSION = 4.0;
				TARGETED_DEVICE_FAMILY = "1,2";
			};
			name = Release;
		};
/* End XCBuildConfiguration section */

/* Begin XCConfigurationList section */
		727790D1204B97DF00E3F316 /* Build configuration list for PBXProject "ThirdMemo" */ = {
			isa = XCConfigurationList;
			buildConfigurations = (
				727790E9204B97DF00E3F316 /* Debug */,
				727790EA204B97DF00E3F316 /* Release */,
			);
			defaultConfigurationIsVisible = 0;
			defaultConfigurationName = Release;
		};
		727790EB204B97DF00E3F316 /* Build configuration list for PBXNativeTarget "ThirdMemo" */ = {
			isa = XCConfigurationList;
			buildConfigurations = (
				727790EC204B97DF00E3F316 /* Debug */,
				727790ED204B97DF00E3F316 /* Release */,
			);
			defaultConfigurationIsVisible = 0;
			defaultConfigurationName = Release;
		};
/* End XCConfigurationList section */

/* Begin XCVersionGroup section */
		727790E0204B97DF00E3F316 /* ThirdMemo.xcdatamodeld */ = {
			isa = XCVersionGroup;
			children = (
				727790E1204B97DF00E3F316 /* ThirdMemo.xcdatamodel */,
			);
			currentVersion = 727790E1204B97DF00E3F316 /* ThirdMemo.xcdatamodel */;
			path = ThirdMemo.xcdatamodeld;
			sourceTree = "<group>";
			versionGroupType = wrapper.xcdatamodel;
		};
/* End XCVersionGroup section */
	};
	rootObject = 727790CE204B97DF00E3F316 /* Project object */;
}
